
Microsoft Visual Studio Solution File, Format Version 12.00
# Visual Studio Version 17
VisualStudioVersion = 17.11.35312.102
MinimumVisualStudioVersion = 10.0.40219.1
Project("{FAE04EC0-301F-11D3-BF4B-00C04F79EFBC}") = "01_MainSubjects", "01_MainSubjects\01_MainSubjects.csproj", "{FAD5B7A1-CE5E-46ED-9571-5B32E177A249}"
EndProject
Project("{FAE04EC0-301F-11D3-BF4B-00C04F79EFBC}") = "02_Variables", "02_Variables\02_Variables.csproj", "{6A4083A5-8ABD-420C-A5D5-2F0DB0811F81}"
EndProject
Project("{FAE04EC0-301F-11D3-BF4B-00C04F79EFBC}") = "03_MakingDecision", "03_MakingDecision\03_MakingDecision.csproj", "{D0584F5C-8FA8-45B0-B17F-49788ADBFA8D}"
EndProject
Project("{FAE04EC0-301F-11D3-BF4B-00C04F79EFBC}") = "04_Loops", "04_Loops\04_Loops.csproj", "{C2A1D0A6-C350-4BCE-B59D-DFE61786B0F5}"
EndProject
Project("{FAE04EC0-301F-11D3-BF4B-00C04F79EFBC}") = "05_LoopsWithStars", "05_LoopsWithStars\05_LoopsWithStars.csproj", "{907FD7A9-4DC6-4301-B054-4C992942A90D}"
EndProject
Project("{FAE04EC0-301F-11D3-BF4B-00C04F79EFBC}") = "06_Arrays", "06_Arrays\06_Arrays.csproj", "{4F411B4A-5FBC-466E-A47E-AB6FAB39BD45}"
EndProject
Project("{FAE04EC0-301F-11D3-BF4B-00C04F79EFBC}") = "07_ForeachLoop", "07_ForeachLoop\07_ForeachLoop.csproj", "{FF3147FD-5F16-4193-8B69-AE98E468014E}"
EndProject
Project("{FAE04EC0-301F-11D3-BF4B-00C04F79EFBC}") = "08_Methods", "08_Methods\08_Methods.csproj", "{12CB912E-E2F1-4239-AD5A-1D6ED5FBB84C}"
EndProject
Global
	GlobalSection(SolutionConfigurationPlatforms) = preSolution
		Debug|Any CPU = Debug|Any CPU
		Release|Any CPU = Release|Any CPU
	EndGlobalSection
	GlobalSection(ProjectConfigurationPlatforms) = postSolution
		{FAD5B7A1-CE5E-46ED-9571-5B32E177A249}.Debug|Any CPU.ActiveCfg = Debug|Any CPU
		{FAD5B7A1-CE5E-46ED-9571-5B32E177A249}.Debug|Any CPU.Build.0 = Debug|Any CPU
		{FAD5B7A1-CE5E-46ED-9571-5B32E177A249}.Release|Any CPU.ActiveCfg = Release|Any CPU
		{FAD5B7A1-CE5E-46ED-9571-5B32E177A249}.Release|Any CPU.Build.0 = Release|Any CPU
		{6A4083A5-8ABD-420C-A5D5-2F0DB0811F81}.Debug|Any CPU.ActiveCfg = Debug|Any CPU
		{6A4083A5-8ABD-420C-A5D5-2F0DB0811F81}.Debug|Any CPU.Build.0 = Debug|Any CPU
		{6A4083A5-8ABD-420C-A5D5-2F0DB0811F81}.Release|Any CPU.ActiveCfg = Release|Any CPU
		{6A4083A5-8ABD-420C-A5D5-2F0DB0811F81}.Release|Any CPU.Build.0 = Release|Any CPU
		{D0584F5C-8FA8-45B0-B17F-49788ADBFA8D}.Debug|Any CPU.ActiveCfg = Debug|Any CPU
		{D0584F5C-8FA8-45B0-B17F-49788ADBFA8D}.Debug|Any CPU.Build.0 = Debug|Any CPU
		{D0584F5C-8FA8-45B0-B17F-49788ADBFA8D}.Release|Any CPU.ActiveCfg = Release|Any CPU
		{D0584F5C-8FA8-45B0-B17F-49788ADBFA8D}.Release|Any CPU.Build.0 = Release|Any CPU
		{C2A1D0A6-C350-4BCE-B59D-DFE61786B0F5}.Debug|Any CPU.ActiveCfg = Debug|Any CPU
		{C2A1D0A6-C350-4BCE-B59D-DFE61786B0F5}.Debug|Any CPU.Build.0 = Debug|Any CPU
		{C2A1D0A6-C350-4BCE-B59D-DFE61786B0F5}.Release|Any CPU.ActiveCfg = Release|Any CPU
		{C2A1D0A6-C350-4BCE-B59D-DFE61786B0F5}.Release|Any CPU.Build.0 = Release|Any CPU
		{907FD7A9-4DC6-4301-B054-4C992942A90D}.Debug|Any CPU.ActiveCfg = Debug|Any CPU
		{907FD7A9-4DC6-4301-B054-4C992942A90D}.Debug|Any CPU.Build.0 = Debug|Any CPU
		{907FD7A9-4DC6-4301-B054-4C992942A90D}.Release|Any CPU.ActiveCfg = Release|Any CPU
		{907FD7A9-4DC6-4301-B054-4C992942A90D}.Release|Any CPU.Build.0 = Release|Any CPU
		{4F411B4A-5FBC-466E-A47E-AB6FAB39BD45}.Debug|Any CPU.ActiveCfg = Debug|Any CPU
		{4F411B4A-5FBC-466E-A47E-AB6FAB39BD45}.Debug|Any CPU.Build.0 = Debug|Any CPU
		{4F411B4A-5FBC-466E-A47E-AB6FAB39BD45}.Release|Any CPU.ActiveCfg = Release|Any CPU
		{4F411B4A-5FBC-466E-A47E-AB6FAB39BD45}.Release|Any CPU.Build.0 = Release|Any CPU
		{FF3147FD-5F16-4193-8B69-AE98E468014E}.Debug|Any CPU.ActiveCfg = Debug|Any CPU
		{FF3147FD-5F16-4193-8B69-AE98E468014E}.Debug|Any CPU.Build.0 = Debug|Any CPU
		{FF3147FD-5F16-4193-8B69-AE98E468014E}.Release|Any CPU.ActiveCfg = Release|Any CPU
		{FF3147FD-5F16-4193-8B69-AE98E468014E}.Release|Any CPU.Build.0 = Release|Any CPU
		{12CB912E-E2F1-4239-AD5A-1D6ED5FBB84C}.Debug|Any CPU.ActiveCfg = Debug|Any CPU
		{12CB912E-E2F1-4239-AD5A-1D6ED5FBB84C}.Debug|Any CPU.Build.0 = Debug|Any CPU
		{12CB912E-E2F1-4239-AD5A-1D6ED5FBB84C}.Release|Any CPU.ActiveCfg = Release|Any CPU
		{12CB912E-E2F1-4239-AD5A-1D6ED5FBB84C}.Release|Any CPU.Build.0 = Release|Any CPU
	EndGlobalSection
	GlobalSection(SolutionProperties) = preSolution
		HideSolutionNode = FALSE
	EndGlobalSection
	GlobalSection(ExtensibilityGlobals) = postSolution
		SolutionGuid = {CC84A19F-1EAA-411D-B480-E06C0CB523C7}
	EndGlobalSection
EndGlobal
